// !$*UTF8*$!
{
	archiveVersion = 1;
	classes = {
	};
	objectVersion = 50;
	objects = {

/* Begin PBXBuildFile section */
		824AFDA4226791E400780A82 /* Game.Swift in Sources */ = {isa = PBXBuildFile; fileRef = 824AFDA3226791E400780A82 /* Game.Swift */; };
		82B81B6F2266B0390079A4C4 /* AppDelegate.swift in Sources */ = {isa = PBXBuildFile; fileRef = 82B81B6E2266B0390079A4C4 /* AppDelegate.swift */; };
		82B81B712266B0390079A4C4 /* ViewController.swift in Sources */ = {isa = PBXBuildFile; fileRef = 82B81B702266B0390079A4C4 /* ViewController.swift */; };
		82B81B742266B0390079A4C4 /* Main.storyboard in Resources */ = {isa = PBXBuildFile; fileRef = 82B81B722266B0390079A4C4 /* Main.storyboard */; };
		82B81B762266B03B0079A4C4 /* Assets.xcassets in Resources */ = {isa = PBXBuildFile; fileRef = 82B81B752266B03B0079A4C4 /* Assets.xcassets */; };
		82B81B792266B03B0079A4C4 /* LaunchScreen.storyboard in Resources */ = {isa = PBXBuildFile; fileRef = 82B81B772266B03B0079A4C4 /* LaunchScreen.storyboard */; };
/* End PBXBuildFile section */

/* Begin PBXFileReference section */
		824AFDA3226791E400780A82 /* Game.Swift */ = {isa = PBXFileReference; lastKnownFileType = sourcecode.swift; path = Game.Swift; sourceTree = "<group>"; };
		82B81B6B2266B0390079A4C4 /* Apple pi.app */ = {isa = PBXFileReference; explicitFileType = wrapper.application; includeInIndex = 0; path = "Apple pi.app"; sourceTree = BUILT_PRODUCTS_DIR; };
		82B81B6E2266B0390079A4C4 /* AppDelegate.swift */ = {isa = PBXFileReference; lastKnownFileType = sourcecode.swift; path = AppDelegate.swift; sourceTree = "<group>"; };
		82B81B702266B0390079A4C4 /* ViewController.swift */ = {isa = PBXFileReference; lastKnownFileType = sourcecode.swift; path = ViewController.swift; sourceTree = "<group>"; };
		82B81B732266B0390079A4C4 /* Base */ = {isa = PBXFileReference; lastKnownFileType = file.storyboard; name = Base; path = Base.lproj/Main.storyboard; sourceTree = "<group>"; };
		82B81B752266B03B0079A4C4 /* Assets.xcassets */ = {isa = PBXFileReference; lastKnownFileType = folder.assetcatalog; path = Assets.xcassets; sourceTree = "<group>"; };
		82B81B782266B03B0079A4C4 /* Base */ = {isa = PBXFileReference; lastKnownFileType = file.storyboard; name = Base; path = Base.lproj/LaunchScreen.storyboard; sourceTree = "<group>"; };
		82B81B7A2266B03B0079A4C4 /* Info.plist */ = {isa = PBXFileReference; lastKnownFileType = text.plist.xml; path = Info.plist; sourceTree = "<group>"; };
/* End PBXFileReference section */

/* Begin PBXFrameworksBuildPhase section */
		82B81B682266B0390079A4C4 /* Frameworks */ = {
			isa = PBXFrameworksBuildPhase;
			buildActionMask = 2147483647;
			files = (
			);
			runOnlyForDeploymentPostprocessing = 0;
		};
/* End PBXFrameworksBuildPhase section */

/* Begin PBXGroup section */
		82B81B622266B0390079A4C4 = {
			isa = PBXGroup;
			children = (
				82B81B6D2266B0390079A4C4 /* Apple pi */,
				82B81B6C2266B0390079A4C4 /* Products */,
			);
			sourceTree = "<group>";
		};
		82B81B6C2266B0390079A4C4 /* Products */ = {
			isa = PBXGroup;
			children = (
				82B81B6B2266B0390079A4C4 /* Apple pi.app */,
			);
			name = Products;
			sourceTree = "<group>";
		};
		82B81B6D2266B0390079A4C4 /* Apple pi */ = {
			isa = PBXGroup;
			children = (
				82B81B6E2266B0390079A4C4 /* AppDelegate.swift */,
				82B81B702266B0390079A4C4 /* ViewController.swift */,
				82B81B722266B0390079A4C4 /* Main.storyboard */,
				824AFDA3226791E400780A82 /* Game.Swift */,
				82B81B752266B03B0079A4C4 /* Assets.xcassets */,
				82B81B772266B03B0079A4C4 /* LaunchScreen.storyboard */,
				82B81B7A2266B03B0079A4C4 /* Info.plist */,
			);
			path = "Apple pi";
			sourceTree = "<group>";
		};
/* End PBXGroup section */

/* Begin PBXNativeTarget section */
		82B81B6A2266B0390079A4C4 /* Apple pi */ = {
			isa = PBXNativeTarget;
			buildConfigurationList = 82B81B7D2266B03B0079A4C4 /* Build configuration list for PBXNativeTarget "Apple pi" */;
			buildPhases = (
				82B81B672266B0390079A4C4 /* Sources */,
				82B81B682266B0390079A4C4 /* Frameworks */,
				82B81B692266B0390079A4C4 /* Resources */,
			);
			buildRules = (
			);
			dependencies = (
			);
			name = "Apple pi";
			productName = "Apple pi";
			productReference = 82B81B6B2266B0390079A4C4 /* Apple pi.app */;
			productType = "com.apple.product-type.application";
		};
/* End PBXNativeTarget section */

/* Begin PBXProject section */
		82B81B632266B0390079A4C4 /* Project object */ = {
			isa = PBXProject;
			attributes = {
				LastSwiftUpdateCheck = 1010;
				LastUpgradeCheck = 1010;
				ORGANIZATIONNAME = "Al-Ansar";
				TargetAttributes = {
					82B81B6A2266B0390079A4C4 = {
						CreatedOnToolsVersion = 10.1;
					};
				};
			};
			buildConfigurationList = 82B81B662266B0390079A4C4 /* Build configuration list for PBXProject "Apple pi" */;
			compatibilityVersion = "Xcode 9.3";
			developmentRegion = en;
			hasScannedForEncodings = 0;
			knownRegions = (
				en,
				Base,
			);
			mainGroup = 82B81B622266B0390079A4C4;
			productRefGroup = 82B81B6C2266B0390079A4C4 /* Products */;
			projectDirPath = "";
			projectRoot = "";
			targets = (
				82B81B6A2266B0390079A4C4 /* Apple pi */,
			);
		};
/* End PBXProject section */

/* Begin PBXResourcesBuildPhase section */
		82B81B692266B0390079A4C4 /* Resources */ = {
			isa = PBXResourcesBuildPhase;
			buildActionMask = 2147483647;
			files = (
				82B81B792266B03B0079A4C4 /* LaunchScreen.storyboard in Resources */,
				82B81B762266B03B0079A4C4 /* Assets.xcassets in Resources */,
				82B81B742266B0390079A4C4 /* Main.storyboard in Resources */,
			);
			runOnlyForDeploymentPostprocessing = 0;
		};
/* End PBXResourcesBuildPhase section */

/* Begin PBXSourcesBuildPhase section */
		82B81B672266B0390079A4C4 /* Sources */ = {
			isa = PBXSourcesBuildPhase;
			buildActionMask = 2147483647;
			files = (
				824AFDA4226791E400780A82 /* Game.Swift in Sources */,
				82B81B712266B0390079A4C4 /* ViewController.swift in Sources */,
				82B81B6F2266B0390079A4C4 /* AppDelegate.swift in Sources */,
			);
			runOnlyForDeploymentPostprocessing = 0;
		};
/* End PBXSourcesBuildPhase section */

/* Begin PBXVariantGroup section */
		82B81B722266B0390079A4C4 /* Main.storyboard */ = {
			isa = PBXVariantGroup;
			children = (
				82B81B732266B0390079A4C4 /* Base */,
			);
			name = Main.storyboard;
			sourceTree = "<group>";
		};
		82B81B772266B03B0079A4C4 /* LaunchScreen.storyboard */ = {
			isa = PBXVariantGroup;
			children = (
				82B81B782266B03B0079A4C4 /* Base */,
			);
			name = LaunchScreen.storyboard;
			sourceTree = "<group>";
		};
/* End PBXVariantGroup section */

/* Begin XCBuildConfiguration section */
		82B81B7B2266B03B0079A4C4 /* Debug */ = {
			isa = XCBuildConfiguration;
			buildSettings = {
				ALWAYS_SEARCH_USER_PATHS = NO;
				CLANG_ANALYZER_NONNULL = YES;
				CLANG_ANALYZER_NUMBER_OBJECT_CONVERSION = YES_AGGRESSIVE;
				CLANG_CXX_LANGUAGE_STANDARD = "gnu++14";
				CLANG_CXX_LIBRARY = "libc++";
				CLANG_ENABLE_MODULES = YES;
				CLANG_ENABLE_OBJC_ARC = YES;
				CLANG_ENABLE_OBJC_WEAK = YES;
				CLANG_WARN_BLOCK_CAPTURE_AUTORELEASING = YES;
				CLANG_WARN_BOOL_CONVERSION = YES;
				CLANG_WARN_COMMA = YES;
				CLANG_WARN_CONSTANT_CONVERSION = YES;
				CLANG_WARN_DEPRECATED_OBJC_IMPLEMENTATIONS = YES;
				CLANG_WARN_DIRECT_OBJC_ISA_USAGE = YES_ERROR;
				CLANG_WARN_DOCUMENTATION_COMMENTS = YES;
				CLANG_WARN_EMPTY_BODY = YES;
				CLANG_WARN_ENUM_CONVERSION = YES;
				CLANG_WARN_INFINITE_RECURSION = YES;
				CLANG_WARN_INT_CONVERSION = YES;
				CLANG_WARN_NON_LITERAL_NULL_CONVERSION = YES;
				CLANG_WARN_OBJC_IMPLICIT_RETAIN_SELF = YES;
				CLANG_WARN_OBJC_LITERAL_CONVERSION = YES;
				CLANG_WARN_OBJC_ROOT_CLASS = YES_ERROR;
				CLANG_WARN_RANGE_LOOP_ANALYSIS = YES;
				CLANG_WARN_STRICT_PROTOTYPES = YES;
				CLANG_WARN_SUSPICIOUS_MOVE = YES;
				CLANG_WARN_UNGUARDED_AVAILABILITY = YES_AGGRESSIVE;
				CLANG_WARN_UNREACHABLE_CODE = YES;
				CLANG_WARN__DUPLICATE_METHOD_MATCH = YES;
				CODE_SIGN_IDENTITY = "iPhone Developer";
				COPY_PHASE_STRIP = NO;
				DEBUG_INFORMATION_FORMAT = dwarf;
				ENABLE_STRICT_OBJC_MSGSEND = YES;
				ENABLE_TESTABILITY = YES;
				GCC_C_LANGUAGE_STANDARD = gnu11;
				GCC_DYNAMIC_NO_PIC = NO;
				GCC_NO_COMMON_BLOCKS = YES;
				GCC_OPTIMIZATION_LEVEL = 0;
				GCC_PREPROCESSOR_DEFINITIONS = (
					"DEBUG=1",
					"$(inherited)",
				);
				GCC_WARN_64_TO_32_BIT_CONVERSION = YES;
				GCC_WARN_ABOUT_RETURN_TYPE = YES_ERROR;
				GCC_WARN_UNDECLARED_SELECTOR = YES;
				GCC_WARN_UNINITIALIZED_AUTOS = YES_AGGRESSIVE;
				GCC_WARN_UNUSED_FUNCTION = YES;
				GCC_WARN_UNUSED_VARIABLE = YES;
				IPHONEOS_DEPLOYMENT_TARGET = 12.1;
				MTL_ENABLE_DEBUG_INFO = INCLUDE_SOURCE;
				MTL_FAST_MATH = YES;
				ONLY_ACTIVE_ARCH = YES;
				SDKROOT = iphoneos;
				SWIFT_ACTIVE_COMPILATION_CONDITIONS = DEBUG;
				SWIFT_OPTIMIZATION_LEVEL = "-Onone";
			};
			name = Debug;
		};
		82B81B7C2266B03B0079A4C4 /* Release */ = {
			isa = XCBuildConfiguration;
			buildSettings = {
				ALWAYS_SEARCH_USER_PATHS = NO;
				CLANG_ANALYZER_NONNULL = YES;
				CLANG_ANALYZER_NUMBER_OBJECT_CONVERSION = YES_AGGRESSIVE;
				CLANG_CXX_LANGUAGE_STANDARD = "gnu++14";
				CLANG_CXX_LIBRARY = "libc++";
				CLANG_ENABLE_MODULES = YES;
				CLANG_ENABLE_OBJC_ARC = YES;
				CLANG_ENABLE_OBJC_WEAK = YES;
				CLANG_WARN_BLOCK_CAPTURE_AUTORELEASING = YES;
				CLANG_WARN_BOOL_CONVERSION = YES;
				CLANG_WARN_COMMA = YES;
				CLANG_WARN_CONSTANT_CONVERSION = YES;
				CLANG_WARN_DEPRECATED_OBJC_IMPLEMENTATIONS = YES;
				CLANG_WARN_DIRECT_OBJC_ISA_USAGE = YES_ERROR;
				CLANG_WARN_DOCUMENTATION_COMMENTS = YES;
				CLANG_WARN_EMPTY_BODY = YES;
				CLANG_WARN_ENUM_CONVERSION = YES;
				CLANG_WARN_INFINITE_RECURSION = YES;
				CLANG_WARN_INT_CONVERSION = YES;
				CLANG_WARN_NON_LITERAL_NULL_CONVERSION = YES;
				CLANG_WARN_OBJC_IMPLICIT_RETAIN_SELF = YES;
				CLANG_WARN_OBJC_LITERAL_CONVERSION = YES;
				CLANG_WARN_OBJC_ROOT_CLASS = YES_ERROR;
				CLANG_WARN_RANGE_LOOP_ANALYSIS = YES;
				CLANG_WARN_STRICT_PROTOTYPES = YES;
				CLANG_WARN_SUSPICIOUS_MOVE = YES;
				CLANG_WARN_UNGUARDED_AVAILABILITY = YES_AGGRESSIVE;
				CLANG_WARN_UNREACHABLE_CODE = YES;
				CLANG_WARN__DUPLICATE_METHOD_MATCH = YES;
				CODE_SIGN_IDENTITY = "iPhone Developer";
				COPY_PHASE_STRIP = NO;
				DEBUG_INFORMATION_FORMAT = "dwarf-with-dsym";
				ENABLE_NS_ASSERTIONS = NO;
				ENABLE_STRICT_OBJC_MSGSEND = YES;
				GCC_C_LANGUAGE_STANDARD = gnu11;
				GCC_NO_COMMON_BLOCKS = YES;
				GCC_WARN_64_TO_32_BIT_CONVERSION = YES;
				GCC_WARN_ABOUT_RETURN_TYPE = YES_ERROR;
				GCC_WARN_UNDECLARED_SELECTOR = YES;
				GCC_WARN_UNINITIALIZED_AUTOS = YES_AGGRESSIVE;
				GCC_WARN_UNUSED_FUNCTION = YES;
				GCC_WARN_UNUSED_VARIABLE = YES;
				IPHONEOS_DEPLOYMENT_TARGET = 12.1;
				MTL_ENABLE_DEBUG_INFO = NO;
				MTL_FAST_MATH = YES;
				SDKROOT = iphoneos;
				SWIFT_COMPILATION_MODE = wholemodule;
				SWIFT_OPTIMIZATION_LEVEL = "-O";
				VALIDATE_PRODUCT = YES;
			};
			name = Release;
		};
		82B81B7E2266B03B0079A4C4 /* Debug */ = {
			isa = XCBuildConfiguration;
			buildSettings = {
				ASSETCATALOG_COMPILER_APPICON_NAME = AppIcon;
				CODE_SIGN_STYLE = Automatic;
				INFOPLIST_FILE = "Apple pi/Info.plist";
				LD_RUNPATH_SEARCH_PATHS = (
					"$(inherited)",
					"@executable_path/Frameworks",
				);
				PRODUCT_BUNDLE_IDENTIFIER = "com.example.Apple-pi";
				PRODUCT_NAME = "$(TARGET_NAME)";
				SWIFT_COMPILATION_MODE = wholemodule;
				SWIFT_VERSION = 4.2;
				TARGETED_DEVICE_FAMILY = 2;
			};
			name = Debug;
		};
		82B81B7F2266B03B0079A4C4 /* Release */ = {
			isa = XCBuildConfiguration;
			buildSettings = {
				ASSETCATALOG_COMPILER_APPICON_NAME = AppIcon;
				CODE_SIGN_STYLE = Automatic;
				INFOPLIST_FILE = "Apple pi/Info.plist";
				LD_RUNPATH_SEARCH_PATHS = (
					"$(inherited)",
					"@executable_path/Frameworks",
				);
				PRODUCT_BUNDLE_IDENTIFIER = "com.example.Apple-pi";
				PRODUCT_NAME = "$(TARGET_NAME)";
				SWIFT_VERSION = 4.2;
				TARGETED_DEVICE_FAMILY = 2;
			};
			name = Release;
		};
/* End XCBuildConfiguration section */

/* Begin XCConfigurationList section */
		82B81B662266B0390079A4C4 /* Build configuration list for PBXProject "Apple pi" */ = {
			isa = XCConfigurationList;
			buildConfigurations = (
				82B81B7B2266B03B0079A4C4 /* Debug */,
				82B81B7C2266B03B0079A4C4 /* Release */,
			);
			defaultConfigurationIsVisible = 0;
			defaultConfigurationName = Release;
		};
		82B81B7D2266B03B0079A4C4 /* Build configuration list for PBXNativeTarget "Apple pi" */ = {
			isa = XCConfigurationList;
			buildConfigurations = (
				82B81B7E2266B03B0079A4C4 /* Debug */,
				82B81B7F2266B03B0079A4C4 /* Release */,
			);
			defaultConfigurationIsVisible = 0;
			defaultConfigurationName = Release;
		};
/* End XCConfigurationList section */
	};
	rootObject = 82B81B632266B0390079A4C4 /* Project object */;
}
